
Microsoft Visual Studio Solution File, Format Version 12.00
# Visual Studio Version 17
VisualStudioVersion = 17.5.33530.505
MinimumVisualStudioVersion = 10.0.40219.1
Project("{FAE04EC0-301F-11D3-BF4B-00C04F79EFBC}") = "TwigCantStay", "TwigCantStay.csproj", "{5AED10CA-B005-489E-A206-FE87E05D7C4E}"
EndProject
Global
	GlobalSection(SolutionConfigurationPlatforms) = preSolution
		Debug|Any CPU = Debug|Any CPU
		Release|Any CPU = Release|Any CPU
	EndGlobalSection
	GlobalSection(ProjectConfigurationPlatforms) = postSolution
		{5AED10CA-B005-489E-A206-FE87E05D7C4E}.Debug|Any CPU.ActiveCfg = Debug|Any CPU
		{5AED10CA-B005-489E-A206-FE87E05D7C4E}.Debug|Any CPU.Build.0 = Debug|Any CPU
		{5AED10CA-B005-489E-A206-FE87E05D7C4E}.Release|Any CPU.ActiveCfg = Release|Any CPU
		{5AED10CA-B005-489E-A206-FE87E05D7C4E}.Release|Any CPU.Build.0 = Release|Any CPU
	EndGlobalSection
	GlobalSection(SolutionProperties) = preSolution
		HideSolutionNode = FALSE
	EndGlobalSection
	GlobalSection(ExtensibilityGlobals) = postSolution
		SolutionGuid = {8EF2453D-9297-4790-8CB1-C159BA70C3A3}
	EndGlobalSection
EndGlobal
